
Microsoft Visual Studio Solution File, Format Version 12.00
# Visual Studio Version 16
VisualStudioVersion = 16.0.31112.23
MinimumVisualStudioVersion = 10.0.40219.1
Project("{9A19103F-16F7-4668-BE54-9A1E7A4F7556}") = "OrderManagement", "OrderManagement\OrderManagement.csproj", "{90ED11DD-3607-432A-9BC6-34C7E9972D8F}"
EndProject
Project("{FAE04EC0-301F-11D3-BF4B-00C04F79EFBC}") = "OrderManagementOrderTests", "OrderManagementOrderTests\OrderManagementOrderTests.csproj", "{CA4324A1-540D-41AD-93FF-9789E72D51A7}"
EndProject
Global
	GlobalSection(SolutionConfigurationPlatforms) = preSolution
		Debug|Any CPU = Debug|Any CPU
		Release|Any CPU = Release|Any CPU
	EndGlobalSection
	GlobalSection(ProjectConfigurationPlatforms) = postSolution
		{90ED11DD-3607-432A-9BC6-34C7E9972D8F}.Debug|Any CPU.ActiveCfg = Debug|Any CPU
		{90ED11DD-3607-432A-9BC6-34C7E9972D8F}.Debug|Any CPU.Build.0 = Debug|Any CPU
		{90ED11DD-3607-432A-9BC6-34C7E9972D8F}.Release|Any CPU.ActiveCfg = Release|Any CPU
		{90ED11DD-3607-432A-9BC6-34C7E9972D8F}.Release|Any CPU.Build.0 = Release|Any CPU
		{CA4324A1-540D-41AD-93FF-9789E72D51A7}.Debug|Any CPU.ActiveCfg = Debug|Any CPU
		{CA4324A1-540D-41AD-93FF-9789E72D51A7}.Debug|Any CPU.Build.0 = Debug|Any CPU
		{CA4324A1-540D-41AD-93FF-9789E72D51A7}.Release|Any CPU.ActiveCfg = Release|Any CPU
		{CA4324A1-540D-41AD-93FF-9789E72D51A7}.Release|Any CPU.Build.0 = Release|Any CPU
	EndGlobalSection
	GlobalSection(SolutionProperties) = preSolution
		HideSolutionNode = FALSE
	EndGlobalSection
	GlobalSection(ExtensibilityGlobals) = postSolution
		SolutionGuid = {4304ADE4-E0A6-4F88-85AB-71F203BF79C3}
	EndGlobalSection
EndGlobal
